
Microsoft Visual Studio Solution File, Format Version 12.00
# Visual Studio 15
VisualStudioVersion = 15.0.28307.489
MinimumVisualStudioVersion = 10.0.40219.1
Project("{FAE04EC0-301F-11D3-BF4B-00C04F79EFBC}") = "PhysiologyCSharp", "PhysiologyCSharp\PhysiologyCSharp.csproj", "{8B25B5D5-A501-4E47-878D-8ED84BF3F125}"
	ProjectSection(ProjectDependencies) = postProject
		{5FFC95B5-FA90-4392-A3FF-C6EF6FE0BBB4} = {5FFC95B5-FA90-4392-A3FF-C6EF6FE0BBB4}
	EndProjectSection
EndProject
Project("{8BC9CEB8-8B4A-11D0-8D11-00A0C91BC942}") = "MC700BCommanderDLL", "MC700BCommanderDLL\MC700BCommanderDLL.vcxproj", "{5FFC95B5-FA90-4392-A3FF-C6EF6FE0BBB4}"
EndProject
Global
	GlobalSection(SolutionConfigurationPlatforms) = preSolution
		Debug|Any CPU = Debug|Any CPU
		Debug|x64 = Debug|x64
		Debug|x86 = Debug|x86
		Release|Any CPU = Release|Any CPU
		Release|x64 = Release|x64
		Release|x86 = Release|x86
	EndGlobalSection
	GlobalSection(ProjectConfigurationPlatforms) = postSolution
		{8B25B5D5-A501-4E47-878D-8ED84BF3F125}.Debug|Any CPU.ActiveCfg = Debug|Any CPU
		{8B25B5D5-A501-4E47-878D-8ED84BF3F125}.Debug|Any CPU.Build.0 = Debug|Any CPU
		{8B25B5D5-A501-4E47-878D-8ED84BF3F125}.Debug|x64.ActiveCfg = Debug|x64
		{8B25B5D5-A501-4E47-878D-8ED84BF3F125}.Debug|x64.Build.0 = Debug|x64
		{8B25B5D5-A501-4E47-878D-8ED84BF3F125}.Debug|x86.ActiveCfg = Debug|Any CPU
		{8B25B5D5-A501-4E47-878D-8ED84BF3F125}.Debug|x86.Build.0 = Debug|Any CPU
		{8B25B5D5-A501-4E47-878D-8ED84BF3F125}.Release|Any CPU.ActiveCfg = Release|Any CPU
		{8B25B5D5-A501-4E47-878D-8ED84BF3F125}.Release|Any CPU.Build.0 = Release|Any CPU
		{8B25B5D5-A501-4E47-878D-8ED84BF3F125}.Release|x64.ActiveCfg = Release|Any CPU
		{8B25B5D5-A501-4E47-878D-8ED84BF3F125}.Release|x64.Build.0 = Release|Any CPU
		{8B25B5D5-A501-4E47-878D-8ED84BF3F125}.Release|x86.ActiveCfg = Release|Any CPU
		{8B25B5D5-A501-4E47-878D-8ED84BF3F125}.Release|x86.Build.0 = Release|Any CPU
		{5FFC95B5-FA90-4392-A3FF-C6EF6FE0BBB4}.Debug|Any CPU.ActiveCfg = Debug|Win32
		{5FFC95B5-FA90-4392-A3FF-C6EF6FE0BBB4}.Debug|x64.ActiveCfg = Debug|x64
		{5FFC95B5-FA90-4392-A3FF-C6EF6FE0BBB4}.Debug|x64.Build.0 = Debug|x64
		{5FFC95B5-FA90-4392-A3FF-C6EF6FE0BBB4}.Debug|x86.ActiveCfg = Debug|Win32
		{5FFC95B5-FA90-4392-A3FF-C6EF6FE0BBB4}.Debug|x86.Build.0 = Debug|Win32
		{5FFC95B5-FA90-4392-A3FF-C6EF6FE0BBB4}.Release|Any CPU.ActiveCfg = Release|Win32
		{5FFC95B5-FA90-4392-A3FF-C6EF6FE0BBB4}.Release|x64.ActiveCfg = Release|x64
		{5FFC95B5-FA90-4392-A3FF-C6EF6FE0BBB4}.Release|x64.Build.0 = Release|x64
		{5FFC95B5-FA90-4392-A3FF-C6EF6FE0BBB4}.Release|x86.ActiveCfg = Release|Win32
		{5FFC95B5-FA90-4392-A3FF-C6EF6FE0BBB4}.Release|x86.Build.0 = Release|Win32
	EndGlobalSection
	GlobalSection(SolutionProperties) = preSolution
		HideSolutionNode = FALSE
	EndGlobalSection
	GlobalSection(ExtensibilityGlobals) = postSolution
		SolutionGuid = {CA022711-C452-4684-8C7D-CC41E8DD4F77}
	EndGlobalSection
EndGlobal
