
Microsoft Visual Studio Solution File, Format Version 12.00
# Visual Studio Version 17
VisualStudioVersion = 17.0.32126.317
MinimumVisualStudioVersion = 10.0.40219.1
Project("{FAE04EC0-301F-11D3-BF4B-00C04F79EFBC}") = "MathLibrary", "MathLibrary\MathLibrary.csproj", "{9FD3B2DB-4C5E-4444-9EED-3E146D767D63}"
EndProject
Project("{FAE04EC0-301F-11D3-BF4B-00C04F79EFBC}") = "TagLensController", "..\Hardware\TagLensController\TagLensController.csproj", "{0A7B6826-6CEF-49D0-A2F6-647CA600E6D6}"
	ProjectSection(ProjectDependencies) = postProject
		{CDDCFE35-FCF1-493B-A65D-CD03B22AA9D0} = {CDDCFE35-FCF1-493B-A65D-CD03B22AA9D0}
		{9FD3B2DB-4C5E-4444-9EED-3E146D767D63} = {9FD3B2DB-4C5E-4444-9EED-3E146D767D63}
	EndProjectSection
EndProject
Project("{FAE04EC0-301F-11D3-BF4B-00C04F79EFBC}") = "TCSPC_Controls", "..\Hardware\TCSPC_Controller\TCSPC_Controls.csproj", "{C0327D48-D301-408A-86BF-8D6EC3B9DF5D}"
	ProjectSection(ProjectDependencies) = postProject
		{CDDCFE35-FCF1-493B-A65D-CD03B22AA9D0} = {CDDCFE35-FCF1-493B-A65D-CD03B22AA9D0}
		{9FD3B2DB-4C5E-4444-9EED-3E146D767D63} = {9FD3B2DB-4C5E-4444-9EED-3E146D767D63}
	EndProjectSection
EndProject
Project("{FAE04EC0-301F-11D3-BF4B-00C04F79EFBC}") = "FLIMage", "App\FLIMage.csproj", "{B45741EB-2841-4265-B01F-04AD54166BF0}"
	ProjectSection(ProjectDependencies) = postProject
		{0A7B6826-6CEF-49D0-A2F6-647CA600E6D6} = {0A7B6826-6CEF-49D0-A2F6-647CA600E6D6}
		{CDDCFE35-FCF1-493B-A65D-CD03B22AA9D0} = {CDDCFE35-FCF1-493B-A65D-CD03B22AA9D0}
		{C0327D48-D301-408A-86BF-8D6EC3B9DF5D} = {C0327D48-D301-408A-86BF-8D6EC3B9DF5D}
		{38C92A74-005A-44F8-8BCD-DD6E193B7F00} = {38C92A74-005A-44F8-8BCD-DD6E193B7F00}
		{8B25B5D5-A501-4E47-878D-8ED84BF3F125} = {8B25B5D5-A501-4E47-878D-8ED84BF3F125}
		{9FD3B2DB-4C5E-4444-9EED-3E146D767D63} = {9FD3B2DB-4C5E-4444-9EED-3E146D767D63}
	EndProjectSection
EndProject
Project("{FAE04EC0-301F-11D3-BF4B-00C04F79EFBC}") = "PhysiologyCSharp", "..\PhysiologyCSharp\PhysiologyCSharp\PhysiologyCSharp.csproj", "{8B25B5D5-A501-4E47-878D-8ED84BF3F125}"
	ProjectSection(ProjectDependencies) = postProject
		{9FD3B2DB-4C5E-4444-9EED-3E146D767D63} = {9FD3B2DB-4C5E-4444-9EED-3E146D767D63}
	EndProjectSection
EndProject
Project("{FAE04EC0-301F-11D3-BF4B-00C04F79EFBC}") = "Utilities", "Utilities\Utilities.csproj", "{CDDCFE35-FCF1-493B-A65D-CD03B22AA9D0}"
EndProject
Project("{FAE04EC0-301F-11D3-BF4B-00C04F79EFBC}") = "Fisiology", "Fisiology\Fisiology.csproj", "{38C92A74-005A-44F8-8BCD-DD6E193B7F00}"
EndProject
Project("{FAE04EC0-301F-11D3-BF4B-00C04F79EFBC}") = "MicroscopeHardwareLibs", "..\Hardware\MicroscopeHardwareLibs\MicroscopeHardwareLibs.csproj", "{0FE8CF20-6830-4A3F-BCA2-E3BD27E15AE9}"
EndProject
Project("{FAE04EC0-301F-11D3-BF4B-00C04F79EFBC}") = "MotorCtrlTest", "MotorCtrlTest\MotorCtrlTest.csproj", "{88E7C71D-C6AE-43A0-89C5-8832478ECF27}"
EndProject
Global
	GlobalSection(SolutionConfigurationPlatforms) = preSolution
		Debug|Any CPU = Debug|Any CPU
		Debug|x64 = Debug|x64
		Debug|x86 = Debug|x86
		Release|Any CPU = Release|Any CPU
		Release|x64 = Release|x64
		Release|x86 = Release|x86
	EndGlobalSection
	GlobalSection(ProjectConfigurationPlatforms) = postSolution
		{9FD3B2DB-4C5E-4444-9EED-3E146D767D63}.Debug|Any CPU.ActiveCfg = Debug|Any CPU
		{9FD3B2DB-4C5E-4444-9EED-3E146D767D63}.Debug|Any CPU.Build.0 = Debug|Any CPU
		{9FD3B2DB-4C5E-4444-9EED-3E146D767D63}.Debug|x64.ActiveCfg = Debug|x64
		{9FD3B2DB-4C5E-4444-9EED-3E146D767D63}.Debug|x64.Build.0 = Debug|x64
		{9FD3B2DB-4C5E-4444-9EED-3E146D767D63}.Debug|x86.ActiveCfg = Debug|x86
		{9FD3B2DB-4C5E-4444-9EED-3E146D767D63}.Debug|x86.Build.0 = Debug|x86
		{9FD3B2DB-4C5E-4444-9EED-3E146D767D63}.Release|Any CPU.ActiveCfg = Release|Any CPU
		{9FD3B2DB-4C5E-4444-9EED-3E146D767D63}.Release|Any CPU.Build.0 = Release|Any CPU
		{9FD3B2DB-4C5E-4444-9EED-3E146D767D63}.Release|x64.ActiveCfg = Release|x64
		{9FD3B2DB-4C5E-4444-9EED-3E146D767D63}.Release|x64.Build.0 = Release|x64
		{9FD3B2DB-4C5E-4444-9EED-3E146D767D63}.Release|x86.ActiveCfg = Release|Any CPU
		{9FD3B2DB-4C5E-4444-9EED-3E146D767D63}.Release|x86.Build.0 = Release|Any CPU
		{0A7B6826-6CEF-49D0-A2F6-647CA600E6D6}.Debug|Any CPU.ActiveCfg = Debug|Any CPU
		{0A7B6826-6CEF-49D0-A2F6-647CA600E6D6}.Debug|Any CPU.Build.0 = Debug|Any CPU
		{0A7B6826-6CEF-49D0-A2F6-647CA600E6D6}.Debug|x64.ActiveCfg = Debug|x64
		{0A7B6826-6CEF-49D0-A2F6-647CA600E6D6}.Debug|x64.Build.0 = Debug|x64
		{0A7B6826-6CEF-49D0-A2F6-647CA600E6D6}.Debug|x86.ActiveCfg = Debug|x86
		{0A7B6826-6CEF-49D0-A2F6-647CA600E6D6}.Debug|x86.Build.0 = Debug|x86
		{0A7B6826-6CEF-49D0-A2F6-647CA600E6D6}.Release|Any CPU.ActiveCfg = Release|Any CPU
		{0A7B6826-6CEF-49D0-A2F6-647CA600E6D6}.Release|Any CPU.Build.0 = Release|Any CPU
		{0A7B6826-6CEF-49D0-A2F6-647CA600E6D6}.Release|x64.ActiveCfg = Release|x64
		{0A7B6826-6CEF-49D0-A2F6-647CA600E6D6}.Release|x64.Build.0 = Release|x64
		{0A7B6826-6CEF-49D0-A2F6-647CA600E6D6}.Release|x86.ActiveCfg = Release|Any CPU
		{0A7B6826-6CEF-49D0-A2F6-647CA600E6D6}.Release|x86.Build.0 = Release|Any CPU
		{C0327D48-D301-408A-86BF-8D6EC3B9DF5D}.Debug|Any CPU.ActiveCfg = Debug|Any CPU
		{C0327D48-D301-408A-86BF-8D6EC3B9DF5D}.Debug|Any CPU.Build.0 = Debug|Any CPU
		{C0327D48-D301-408A-86BF-8D6EC3B9DF5D}.Debug|x64.ActiveCfg = Debug|x64
		{C0327D48-D301-408A-86BF-8D6EC3B9DF5D}.Debug|x64.Build.0 = Debug|x64
		{C0327D48-D301-408A-86BF-8D6EC3B9DF5D}.Debug|x86.ActiveCfg = Debug|x86
		{C0327D48-D301-408A-86BF-8D6EC3B9DF5D}.Debug|x86.Build.0 = Debug|x86
		{C0327D48-D301-408A-86BF-8D6EC3B9DF5D}.Release|Any CPU.ActiveCfg = Release|Any CPU
		{C0327D48-D301-408A-86BF-8D6EC3B9DF5D}.Release|Any CPU.Build.0 = Release|Any CPU
		{C0327D48-D301-408A-86BF-8D6EC3B9DF5D}.Release|x64.ActiveCfg = Release|x64
		{C0327D48-D301-408A-86BF-8D6EC3B9DF5D}.Release|x64.Build.0 = Release|x64
		{C0327D48-D301-408A-86BF-8D6EC3B9DF5D}.Release|x86.ActiveCfg = Release|Any CPU
		{C0327D48-D301-408A-86BF-8D6EC3B9DF5D}.Release|x86.Build.0 = Release|Any CPU
		{B45741EB-2841-4265-B01F-04AD54166BF0}.Debug|Any CPU.ActiveCfg = Debug|Any CPU
		{B45741EB-2841-4265-B01F-04AD54166BF0}.Debug|Any CPU.Build.0 = Debug|Any CPU
		{B45741EB-2841-4265-B01F-04AD54166BF0}.Debug|x64.ActiveCfg = Debug|x64
		{B45741EB-2841-4265-B01F-04AD54166BF0}.Debug|x64.Build.0 = Debug|x64
		{B45741EB-2841-4265-B01F-04AD54166BF0}.Debug|x86.ActiveCfg = Debug|x86
		{B45741EB-2841-4265-B01F-04AD54166BF0}.Debug|x86.Build.0 = Debug|x86
		{B45741EB-2841-4265-B01F-04AD54166BF0}.Release|Any CPU.ActiveCfg = Release|Any CPU
		{B45741EB-2841-4265-B01F-04AD54166BF0}.Release|Any CPU.Build.0 = Release|Any CPU
		{B45741EB-2841-4265-B01F-04AD54166BF0}.Release|x64.ActiveCfg = Release|x64
		{B45741EB-2841-4265-B01F-04AD54166BF0}.Release|x64.Build.0 = Release|x64
		{B45741EB-2841-4265-B01F-04AD54166BF0}.Release|x86.ActiveCfg = Release|x86
		{B45741EB-2841-4265-B01F-04AD54166BF0}.Release|x86.Build.0 = Release|x86
		{8B25B5D5-A501-4E47-878D-8ED84BF3F125}.Debug|Any CPU.ActiveCfg = Debug|Any CPU
		{8B25B5D5-A501-4E47-878D-8ED84BF3F125}.Debug|Any CPU.Build.0 = Debug|Any CPU
		{8B25B5D5-A501-4E47-878D-8ED84BF3F125}.Debug|x64.ActiveCfg = Debug|x64
		{8B25B5D5-A501-4E47-878D-8ED84BF3F125}.Debug|x64.Build.0 = Debug|x64
		{8B25B5D5-A501-4E47-878D-8ED84BF3F125}.Debug|x86.ActiveCfg = Debug|x86
		{8B25B5D5-A501-4E47-878D-8ED84BF3F125}.Debug|x86.Build.0 = Debug|x86
		{8B25B5D5-A501-4E47-878D-8ED84BF3F125}.Release|Any CPU.ActiveCfg = Release|Any CPU
		{8B25B5D5-A501-4E47-878D-8ED84BF3F125}.Release|Any CPU.Build.0 = Release|Any CPU
		{8B25B5D5-A501-4E47-878D-8ED84BF3F125}.Release|x64.ActiveCfg = Release|x64
		{8B25B5D5-A501-4E47-878D-8ED84BF3F125}.Release|x64.Build.0 = Release|x64
		{8B25B5D5-A501-4E47-878D-8ED84BF3F125}.Release|x86.ActiveCfg = Release|Any CPU
		{8B25B5D5-A501-4E47-878D-8ED84BF3F125}.Release|x86.Build.0 = Release|Any CPU
		{CDDCFE35-FCF1-493B-A65D-CD03B22AA9D0}.Debug|Any CPU.ActiveCfg = Debug|Any CPU
		{CDDCFE35-FCF1-493B-A65D-CD03B22AA9D0}.Debug|Any CPU.Build.0 = Debug|Any CPU
		{CDDCFE35-FCF1-493B-A65D-CD03B22AA9D0}.Debug|x64.ActiveCfg = Debug|x64
		{CDDCFE35-FCF1-493B-A65D-CD03B22AA9D0}.Debug|x64.Build.0 = Debug|x64
		{CDDCFE35-FCF1-493B-A65D-CD03B22AA9D0}.Debug|x86.ActiveCfg = Debug|x86
		{CDDCFE35-FCF1-493B-A65D-CD03B22AA9D0}.Debug|x86.Build.0 = Debug|x86
		{CDDCFE35-FCF1-493B-A65D-CD03B22AA9D0}.Release|Any CPU.ActiveCfg = Release|Any CPU
		{CDDCFE35-FCF1-493B-A65D-CD03B22AA9D0}.Release|Any CPU.Build.0 = Release|Any CPU
		{CDDCFE35-FCF1-493B-A65D-CD03B22AA9D0}.Release|x64.ActiveCfg = Release|x64
		{CDDCFE35-FCF1-493B-A65D-CD03B22AA9D0}.Release|x64.Build.0 = Release|x64
		{CDDCFE35-FCF1-493B-A65D-CD03B22AA9D0}.Release|x86.ActiveCfg = Release|Any CPU
		{CDDCFE35-FCF1-493B-A65D-CD03B22AA9D0}.Release|x86.Build.0 = Release|Any CPU
		{38C92A74-005A-44F8-8BCD-DD6E193B7F00}.Debug|Any CPU.ActiveCfg = Debug|Any CPU
		{38C92A74-005A-44F8-8BCD-DD6E193B7F00}.Debug|Any CPU.Build.0 = Debug|Any CPU
		{38C92A74-005A-44F8-8BCD-DD6E193B7F00}.Debug|x64.ActiveCfg = Debug|x64
		{38C92A74-005A-44F8-8BCD-DD6E193B7F00}.Debug|x64.Build.0 = Debug|x64
		{38C92A74-005A-44F8-8BCD-DD6E193B7F00}.Debug|x86.ActiveCfg = Debug|x86
		{38C92A74-005A-44F8-8BCD-DD6E193B7F00}.Debug|x86.Build.0 = Debug|x86
		{38C92A74-005A-44F8-8BCD-DD6E193B7F00}.Release|Any CPU.ActiveCfg = Release|Any CPU
		{38C92A74-005A-44F8-8BCD-DD6E193B7F00}.Release|Any CPU.Build.0 = Release|Any CPU
		{38C92A74-005A-44F8-8BCD-DD6E193B7F00}.Release|x64.ActiveCfg = Release|x64
		{38C92A74-005A-44F8-8BCD-DD6E193B7F00}.Release|x64.Build.0 = Release|x64
		{38C92A74-005A-44F8-8BCD-DD6E193B7F00}.Release|x86.ActiveCfg = Release|Any CPU
		{38C92A74-005A-44F8-8BCD-DD6E193B7F00}.Release|x86.Build.0 = Release|Any CPU
		{0FE8CF20-6830-4A3F-BCA2-E3BD27E15AE9}.Debug|Any CPU.ActiveCfg = Debug|Any CPU
		{0FE8CF20-6830-4A3F-BCA2-E3BD27E15AE9}.Debug|Any CPU.Build.0 = Debug|Any CPU
		{0FE8CF20-6830-4A3F-BCA2-E3BD27E15AE9}.Debug|x64.ActiveCfg = Debug|x64
		{0FE8CF20-6830-4A3F-BCA2-E3BD27E15AE9}.Debug|x64.Build.0 = Debug|x64
		{0FE8CF20-6830-4A3F-BCA2-E3BD27E15AE9}.Debug|x86.ActiveCfg = Debug|x86
		{0FE8CF20-6830-4A3F-BCA2-E3BD27E15AE9}.Debug|x86.Build.0 = Debug|x86
		{0FE8CF20-6830-4A3F-BCA2-E3BD27E15AE9}.Release|Any CPU.ActiveCfg = Release|Any CPU
		{0FE8CF20-6830-4A3F-BCA2-E3BD27E15AE9}.Release|Any CPU.Build.0 = Release|Any CPU
		{0FE8CF20-6830-4A3F-BCA2-E3BD27E15AE9}.Release|x64.ActiveCfg = Release|x64
		{0FE8CF20-6830-4A3F-BCA2-E3BD27E15AE9}.Release|x64.Build.0 = Release|x64
		{0FE8CF20-6830-4A3F-BCA2-E3BD27E15AE9}.Release|x86.ActiveCfg = Release|Any CPU
		{0FE8CF20-6830-4A3F-BCA2-E3BD27E15AE9}.Release|x86.Build.0 = Release|Any CPU
		{88E7C71D-C6AE-43A0-89C5-8832478ECF27}.Debug|Any CPU.ActiveCfg = Debug|Any CPU
		{88E7C71D-C6AE-43A0-89C5-8832478ECF27}.Debug|Any CPU.Build.0 = Debug|Any CPU
		{88E7C71D-C6AE-43A0-89C5-8832478ECF27}.Debug|x64.ActiveCfg = Debug|x64
		{88E7C71D-C6AE-43A0-89C5-8832478ECF27}.Debug|x64.Build.0 = Debug|x64
		{88E7C71D-C6AE-43A0-89C5-8832478ECF27}.Debug|x86.ActiveCfg = Debug|Any CPU
		{88E7C71D-C6AE-43A0-89C5-8832478ECF27}.Debug|x86.Build.0 = Debug|Any CPU
		{88E7C71D-C6AE-43A0-89C5-8832478ECF27}.Release|Any CPU.ActiveCfg = Release|Any CPU
		{88E7C71D-C6AE-43A0-89C5-8832478ECF27}.Release|Any CPU.Build.0 = Release|Any CPU
		{88E7C71D-C6AE-43A0-89C5-8832478ECF27}.Release|x64.ActiveCfg = Release|x64
		{88E7C71D-C6AE-43A0-89C5-8832478ECF27}.Release|x64.Build.0 = Release|x64
		{88E7C71D-C6AE-43A0-89C5-8832478ECF27}.Release|x86.ActiveCfg = Release|Any CPU
		{88E7C71D-C6AE-43A0-89C5-8832478ECF27}.Release|x86.Build.0 = Release|Any CPU
	EndGlobalSection
	GlobalSection(SolutionProperties) = preSolution
		HideSolutionNode = FALSE
	EndGlobalSection
	GlobalSection(ExtensibilityGlobals) = postSolution
		SolutionGuid = {4657738F-1FE0-4DC5-A4BC-F2FD2DB939B0}
	EndGlobalSection
EndGlobal
